// !$*UTF8*$!
{
	archiveVersion = 1;
	classes = {
	};
	objectVersion = 50;
	objects = {

/* Begin PBXBuildFile section */
		C20497C8233D78F400EDB25E /* AppDelegate.swift in Sources */ = {isa = PBXBuildFile; fileRef = C20497C7233D78F400EDB25E /* AppDelegate.swift */; };
		C20497CA233D78F400EDB25E /* ViewController.swift in Sources */ = {isa = PBXBuildFile; fileRef = C20497C9233D78F400EDB25E /* ViewController.swift */; };
		C20497CD233D78F400EDB25E /* Main.storyboard in Resources */ = {isa = PBXBuildFile; fileRef = C20497CB233D78F400EDB25E /* Main.storyboard */; };
		C20497CF233D78F600EDB25E /* Assets.xcassets in Resources */ = {isa = PBXBuildFile; fileRef = C20497CE233D78F600EDB25E /* Assets.xcassets */; };
		C20497D2233D78F600EDB25E /* LaunchScreen.storyboard in Resources */ = {isa = PBXBuildFile; fileRef = C20497D0233D78F600EDB25E /* LaunchScreen.storyboard */; };
		C20497DD233D78F700EDB25E /* TipperTests.swift in Sources */ = {isa = PBXBuildFile; fileRef = C20497DC233D78F700EDB25E /* TipperTests.swift */; };
		C20497E8233D78F700EDB25E /* TipperUITests.swift in Sources */ = {isa = PBXBuildFile; fileRef = C20497E7233D78F700EDB25E /* TipperUITests.swift */; };
/* End PBXBuildFile section */

/* Begin PBXContainerItemProxy section */
		C20497D9233D78F700EDB25E /* PBXContainerItemProxy */ = {
			isa = PBXContainerItemProxy;
			containerPortal = C20497BC233D78F400EDB25E /* Project object */;
			proxyType = 1;
			remoteGlobalIDString = C20497C3233D78F400EDB25E;
			remoteInfo = Tipper;
		};
		C20497E4233D78F700EDB25E /* PBXContainerItemProxy */ = {
			isa = PBXContainerItemProxy;
			containerPortal = C20497BC233D78F400EDB25E /* Project object */;
			proxyType = 1;
			remoteGlobalIDString = C20497C3233D78F400EDB25E;
			remoteInfo = Tipper;
		};
/* End PBXContainerItemProxy section */

/* Begin PBXFileReference section */
		C20497C4233D78F400EDB25E /* Tipper.app */ = {isa = PBXFileReference; explicitFileType = wrapper.application; includeInIndex = 0; path = Tipper.app; sourceTree = BUILT_PRODUCTS_DIR; };
		C20497C7233D78F400EDB25E /* AppDelegate.swift */ = {isa = PBXFileReference; lastKnownFileType = sourcecode.swift; path = AppDelegate.swift; sourceTree = "<group>"; };
		C20497C9233D78F400EDB25E /* ViewController.swift */ = {isa = PBXFileReference; lastKnownFileType = sourcecode.swift; path = ViewController.swift; sourceTree = "<group>"; };
		C20497CC233D78F400EDB25E /* Base */ = {isa = PBXFileReference; lastKnownFileType = file.storyboard; name = Base; path = Base.lproj/Main.storyboard; sourceTree = "<group>"; };
		C20497CE233D78F600EDB25E /* Assets.xcassets */ = {isa = PBXFileReference; lastKnownFileType = folder.assetcatalog; path = Assets.xcassets; sourceTree = "<group>"; };
		C20497D1233D78F600EDB25E /* Base */ = {isa = PBXFileReference; lastKnownFileType = file.storyboard; name = Base; path = Base.lproj/LaunchScreen.storyboard; sourceTree = "<group>"; };
		C20497D3233D78F700EDB25E /* Info.plist */ = {isa = PBXFileReference; lastKnownFileType = text.plist.xml; path = Info.plist; sourceTree = "<group>"; };
		C20497D8233D78F700EDB25E /* TipperTests.xctest */ = {isa = PBXFileReference; explicitFileType = wrapper.cfbundle; includeInIndex = 0; path = TipperTests.xctest; sourceTree = BUILT_PRODUCTS_DIR; };
		C20497DC233D78F700EDB25E /* TipperTests.swift */ = {isa = PBXFileReference; lastKnownFileType = sourcecode.swift; path = TipperTests.swift; sourceTree = "<group>"; };
		C20497DE233D78F700EDB25E /* Info.plist */ = {isa = PBXFileReference; lastKnownFileType = text.plist.xml; path = Info.plist; sourceTree = "<group>"; };
		C20497E3233D78F700EDB25E /* TipperUITests.xctest */ = {isa = PBXFileReference; explicitFileType = wrapper.cfbundle; includeInIndex = 0; path = TipperUITests.xctest; sourceTree = BUILT_PRODUCTS_DIR; };
		C20497E7233D78F700EDB25E /* TipperUITests.swift */ = {isa = PBXFileReference; lastKnownFileType = sourcecode.swift; path = TipperUITests.swift; sourceTree = "<group>"; };
		C20497E9233D78F700EDB25E /* Info.plist */ = {isa = PBXFileReference; lastKnownFileType = text.plist.xml; path = Info.plist; sourceTree = "<group>"; };
/* End PBXFileReference section */

/* Begin PBXFrameworksBuildPhase section */
		C20497C1233D78F400EDB25E /* Frameworks */ = {
			isa = PBXFrameworksBuildPhase;
			buildActionMask = 2147483647;
			files = (
			);
			runOnlyForDeploymentPostprocessing = 0;
		};
		C20497D5233D78F700EDB25E /* Frameworks */ = {
			isa = PBXFrameworksBuildPhase;
			buildActionMask = 2147483647;
			files = (
			);
			runOnlyForDeploymentPostprocessing = 0;
		};
		C20497E0233D78F700EDB25E /* Frameworks */ = {
			isa = PBXFrameworksBuildPhase;
			buildActionMask = 2147483647;
			files = (
			);
			runOnlyForDeploymentPostprocessing = 0;
		};
/* End PBXFrameworksBuildPhase section */

/* Begin PBXGroup section */
		C20497BB233D78F400EDB25E = {
			isa = PBXGroup;
			children = (
				C20497C6233D78F400EDB25E /* Tipper */,
				C20497DB233D78F700EDB25E /* TipperTests */,
				C20497E6233D78F700EDB25E /* TipperUITests */,
				C20497C5233D78F400EDB25E /* Products */,
			);
			sourceTree = "<group>";
		};
		C20497C5233D78F400EDB25E /* Products */ = {
			isa = PBXGroup;
			children = (
				C20497C4233D78F400EDB25E /* Tipper.app */,
				C20497D8233D78F700EDB25E /* TipperTests.xctest */,
				C20497E3233D78F700EDB25E /* TipperUITests.xctest */,
			);
			name = Products;
			sourceTree = "<group>";
		};
		C20497C6233D78F400EDB25E /* Tipper */ = {
			isa = PBXGroup;
			children = (
				C20497C7233D78F400EDB25E /* AppDelegate.swift */,
				C20497C9233D78F400EDB25E /* ViewController.swift */,
				C20497CB233D78F400EDB25E /* Main.storyboard */,
				C20497CE233D78F600EDB25E /* Assets.xcassets */,
				C20497D0233D78F600EDB25E /* LaunchScreen.storyboard */,
				C20497D3233D78F700EDB25E /* Info.plist */,
			);
			path = Tipper;
			sourceTree = "<group>";
		};
		C20497DB233D78F700EDB25E /* TipperTests */ = {
			isa = PBXGroup;
			children = (
				C20497DC233D78F700EDB25E /* TipperTests.swift */,
				C20497DE233D78F700EDB25E /* Info.plist */,
			);
			path = TipperTests;
			sourceTree = "<group>";
		};
		C20497E6233D78F700EDB25E /* TipperUITests */ = {
			isa = PBXGroup;
			children = (
				C20497E7233D78F700EDB25E /* TipperUITests.swift */,
				C20497E9233D78F700EDB25E /* Info.plist */,
			);
			path = TipperUITests;
			sourceTree = "<group>";
		};
/* End PBXGroup section */

/* Begin PBXNativeTarget section */
		C20497C3233D78F400EDB25E /* Tipper */ = {
			isa = PBXNativeTarget;
			buildConfigurationList = C20497EC233D78F700EDB25E /* Build configuration list for PBXNativeTarget "Tipper" */;
			buildPhases = (
				C20497C0233D78F400EDB25E /* Sources */,
				C20497C1233D78F400EDB25E /* Frameworks */,
				C20497C2233D78F400EDB25E /* Resources */,
			);
			buildRules = (
			);
			dependencies = (
			);
			name = Tipper;
			productName = Tipper;
			productReference = C20497C4233D78F400EDB25E /* Tipper.app */;
			productType = "com.apple.product-type.application";
		};
		C20497D7233D78F700EDB25E /* TipperTests */ = {
			isa = PBXNativeTarget;
			buildConfigurationList = C20497EF233D78F700EDB25E /* Build configuration list for PBXNativeTarget "TipperTests" */;
			buildPhases = (
				C20497D4233D78F700EDB25E /* Sources */,
				C20497D5233D78F700EDB25E /* Frameworks */,
				C20497D6233D78F700EDB25E /* Resources */,
			);
			buildRules = (
			);
			dependencies = (
				C20497DA233D78F700EDB25E /* PBXTargetDependency */,
			);
			name = TipperTests;
			productName = TipperTests;
			productReference = C20497D8233D78F700EDB25E /* TipperTests.xctest */;
			productType = "com.apple.product-type.bundle.unit-test";
		};
		C20497E2233D78F700EDB25E /* TipperUITests */ = {
			isa = PBXNativeTarget;
			buildConfigurationList = C20497F2233D78F700EDB25E /* Build configuration list for PBXNativeTarget "TipperUITests" */;
			buildPhases = (
				C20497DF233D78F700EDB25E /* Sources */,
				C20497E0233D78F700EDB25E /* Frameworks */,
				C20497E1233D78F700EDB25E /* Resources */,
			);
			buildRules = (
			);
			dependencies = (
				C20497E5233D78F700EDB25E /* PBXTargetDependency */,
			);
			name = TipperUITests;
			productName = TipperUITests;
			productReference = C20497E3233D78F700EDB25E /* TipperUITests.xctest */;
			productType = "com.apple.product-type.bundle.ui-testing";
		};
/* End PBXNativeTarget section */

/* Begin PBXProject section */
		C20497BC233D78F400EDB25E /* Project object */ = {
			isa = PBXProject;
			attributes = {
				LastSwiftUpdateCheck = 1010;
				LastUpgradeCheck = 1010;
				ORGANIZATIONNAME = Adeel;
				TargetAttributes = {
					C20497C3233D78F400EDB25E = {
						CreatedOnToolsVersion = 10.1;
					};
					C20497D7233D78F700EDB25E = {
						CreatedOnToolsVersion = 10.1;
						TestTargetID = C20497C3233D78F400EDB25E;
					};
					C20497E2233D78F700EDB25E = {
						CreatedOnToolsVersion = 10.1;
						TestTargetID = C20497C3233D78F400EDB25E;
					};
				};
			};
			buildConfigurationList = C20497BF233D78F400EDB25E /* Build configuration list for PBXProject "Tipper" */;
			compatibilityVersion = "Xcode 9.3";
			developmentRegion = en;
			hasScannedForEncodings = 0;
			knownRegions = (
				en,
				Base,
			);
			mainGroup = C20497BB233D78F400EDB25E;
			productRefGroup = C20497C5233D78F400EDB25E /* Products */;
			projectDirPath = "";
			projectRoot = "";
			targets = (
				C20497C3233D78F400EDB25E /* Tipper */,
				C20497D7233D78F700EDB25E /* TipperTests */,
				C20497E2233D78F700EDB25E /* TipperUITests */,
			);
		};
/* End PBXProject section */

/* Begin PBXResourcesBuildPhase section */
		C20497C2233D78F400EDB25E /* Resources */ = {
			isa = PBXResourcesBuildPhase;
			buildActionMask = 2147483647;
			files = (
				C20497D2233D78F600EDB25E /* LaunchScreen.storyboard in Resources */,
				C20497CF233D78F600EDB25E /* Assets.xcassets in Resources */,
				C20497CD233D78F400EDB25E /* Main.storyboard in Resources */,
			);
			runOnlyForDeploymentPostprocessing = 0;
		};
		C20497D6233D78F700EDB25E /* Resources */ = {
			isa = PBXResourcesBuildPhase;
			buildActionMask = 2147483647;
			files = (
			);
			runOnlyForDeploymentPostprocessing = 0;
		};
		C20497E1233D78F700EDB25E /* Resources */ = {
			isa = PBXResourcesBuildPhase;
			buildActionMask = 2147483647;
			files = (
			);
			runOnlyForDeploymentPostprocessing = 0;
		};
/* End PBXResourcesBuildPhase section */

/* Begin PBXSourcesBuildPhase section */
		C20497C0233D78F400EDB25E /* Sources */ = {
			isa = PBXSourcesBuildPhase;
			buildActionMask = 2147483647;
			files = (
				C20497CA233D78F400EDB25E /* ViewController.swift in Sources */,
				C20497C8233D78F400EDB25E /* AppDelegate.swift in Sources */,
			);
			runOnlyForDeploymentPostprocessing = 0;
		};
		C20497D4233D78F700EDB25E /* Sources */ = {
			isa = PBXSourcesBuildPhase;
			buildActionMask = 2147483647;
			files = (
				C20497DD233D78F700EDB25E /* TipperTests.swift in Sources */,
			);
			runOnlyForDeploymentPostprocessing = 0;
		};
		C20497DF233D78F700EDB25E /* Sources */ = {
			isa = PBXSourcesBuildPhase;
			buildActionMask = 2147483647;
			files = (
				C20497E8233D78F700EDB25E /* TipperUITests.swift in Sources */,
			);
			runOnlyForDeploymentPostprocessing = 0;
		};
/* End PBXSourcesBuildPhase section */

/* Begin PBXTargetDependency section */
		C20497DA233D78F700EDB25E /* PBXTargetDependency */ = {
			isa = PBXTargetDependency;
			target = C20497C3233D78F400EDB25E /* Tipper */;
			targetProxy = C20497D9233D78F700EDB25E /* PBXContainerItemProxy */;
		};
		C20497E5233D78F700EDB25E /* PBXTargetDependency */ = {
			isa = PBXTargetDependency;
			target = C20497C3233D78F400EDB25E /* Tipper */;
			targetProxy = C20497E4233D78F700EDB25E /* PBXContainerItemProxy */;
		};
/* End PBXTargetDependency section */

/* Begin PBXVariantGroup section */
		C20497CB233D78F400EDB25E /* Main.storyboard */ = {
			isa = PBXVariantGroup;
			children = (
				C20497CC233D78F400EDB25E /* Base */,
			);
			name = Main.storyboard;
			sourceTree = "<group>";
		};
		C20497D0233D78F600EDB25E /* LaunchScreen.storyboard */ = {
			isa = PBXVariantGroup;
			children = (
				C20497D1233D78F600EDB25E /* Base */,
			);
			name = LaunchScreen.storyboard;
			sourceTree = "<group>";
		};
/* End PBXVariantGroup section */

/* Begin XCBuildConfiguration section */
		C20497EA233D78F700EDB25E /* Debug */ = {
			isa = XCBuildConfiguration;
			buildSettings = {
				ALWAYS_SEARCH_USER_PATHS = NO;
				CLANG_ANALYZER_NONNULL = YES;
				CLANG_ANALYZER_NUMBER_OBJECT_CONVERSION = YES_AGGRESSIVE;
				CLANG_CXX_LANGUAGE_STANDARD = "gnu++14";
				CLANG_CXX_LIBRARY = "libc++";
				CLANG_ENABLE_MODULES = YES;
				CLANG_ENABLE_OBJC_ARC = YES;
				CLANG_ENABLE_OBJC_WEAK = YES;
				CLANG_WARN_BLOCK_CAPTURE_AUTORELEASING = YES;
				CLANG_WARN_BOOL_CONVERSION = YES;
				CLANG_WARN_COMMA = YES;
				CLANG_WARN_CONSTANT_CONVERSION = YES;
				CLANG_WARN_DEPRECATED_OBJC_IMPLEMENTATIONS = YES;
				CLANG_WARN_DIRECT_OBJC_ISA_USAGE = YES_ERROR;
				CLANG_WARN_DOCUMENTATION_COMMENTS = YES;
				CLANG_WARN_EMPTY_BODY = YES;
				CLANG_WARN_ENUM_CONVERSION = YES;
				CLANG_WARN_INFINITE_RECURSION = YES;
				CLANG_WARN_INT_CONVERSION = YES;
				CLANG_WARN_NON_LITERAL_NULL_CONVERSION = YES;
				CLANG_WARN_OBJC_IMPLICIT_RETAIN_SELF = YES;
				CLANG_WARN_OBJC_LITERAL_CONVERSION = YES;
				CLANG_WARN_OBJC_ROOT_CLASS = YES_ERROR;
				CLANG_WARN_RANGE_LOOP_ANALYSIS = YES;
				CLANG_WARN_STRICT_PROTOTYPES = YES;
				CLANG_WARN_SUSPICIOUS_MOVE = YES;
				CLANG_WARN_UNGUARDED_AVAILABILITY = YES_AGGRESSIVE;
				CLANG_WARN_UNREACHABLE_CODE = YES;
				CLANG_WARN__DUPLICATE_METHOD_MATCH = YES;
				CODE_SIGN_IDENTITY = "iPhone Developer";
				COPY_PHASE_STRIP = NO;
				DEBUG_INFORMATION_FORMAT = dwarf;
				ENABLE_STRICT_OBJC_MSGSEND = YES;
				ENABLE_TESTABILITY = YES;
				GCC_C_LANGUAGE_STANDARD = gnu11;
				GCC_DYNAMIC_NO_PIC = NO;
				GCC_NO_COMMON_BLOCKS = YES;
				GCC_OPTIMIZATION_LEVEL = 0;
				GCC_PREPROCESSOR_DEFINITIONS = (
					"DEBUG=1",
					"$(inherited)",
				);
				GCC_WARN_64_TO_32_BIT_CONVERSION = YES;
				GCC_WARN_ABOUT_RETURN_TYPE = YES_ERROR;
				GCC_WARN_UNDECLARED_SELECTOR = YES;
				GCC_WARN_UNINITIALIZED_AUTOS = YES_AGGRESSIVE;
				GCC_WARN_UNUSED_FUNCTION = YES;
				GCC_WARN_UNUSED_VARIABLE = YES;
				IPHONEOS_DEPLOYMENT_TARGET = 12.1;
				MTL_ENABLE_DEBUG_INFO = INCLUDE_SOURCE;
				MTL_FAST_MATH = YES;
				ONLY_ACTIVE_ARCH = YES;
				SDKROOT = iphoneos;
				SWIFT_ACTIVE_COMPILATION_CONDITIONS = DEBUG;
				SWIFT_OPTIMIZATION_LEVEL = "-Onone";
			};
			name = Debug;
		};
		C20497EB233D78F700EDB25E /* Release */ = {
			isa = XCBuildConfiguration;
			buildSettings = {
				ALWAYS_SEARCH_USER_PATHS = NO;
				CLANG_ANALYZER_NONNULL = YES;
				CLANG_ANALYZER_NUMBER_OBJECT_CONVERSION = YES_AGGRESSIVE;
				CLANG_CXX_LANGUAGE_STANDARD = "gnu++14";
				CLANG_CXX_LIBRARY = "libc++";
				CLANG_ENABLE_MODULES = YES;
				CLANG_ENABLE_OBJC_ARC = YES;
				CLANG_ENABLE_OBJC_WEAK = YES;
				CLANG_WARN_BLOCK_CAPTURE_AUTORELEASING = YES;
				CLANG_WARN_BOOL_CONVERSION = YES;
				CLANG_WARN_COMMA = YES;
				CLANG_WARN_CONSTANT_CONVERSION = YES;
				CLANG_WARN_DEPRECATED_OBJC_IMPLEMENTATIONS = YES;
				CLANG_WARN_DIRECT_OBJC_ISA_USAGE = YES_ERROR;
				CLANG_WARN_DOCUMENTATION_COMMENTS = YES;
				CLANG_WARN_EMPTY_BODY = YES;
				CLANG_WARN_ENUM_CONVERSION = YES;
				CLANG_WARN_INFINITE_RECURSION = YES;
				CLANG_WARN_INT_CONVERSION = YES;
				CLANG_WARN_NON_LITERAL_NULL_CONVERSION = YES;
				CLANG_WARN_OBJC_IMPLICIT_RETAIN_SELF = YES;
				CLANG_WARN_OBJC_LITERAL_CONVERSION = YES;
				CLANG_WARN_OBJC_ROOT_CLASS = YES_ERROR;
				CLANG_WARN_RANGE_LOOP_ANALYSIS = YES;
				CLANG_WARN_STRICT_PROTOTYPES = YES;
				CLANG_WARN_SUSPICIOUS_MOVE = YES;
				CLANG_WARN_UNGUARDED_AVAILABILITY = YES_AGGRESSIVE;
				CLANG_WARN_UNREACHABLE_CODE = YES;
				CLANG_WARN__DUPLICATE_METHOD_MATCH = YES;
				CODE_SIGN_IDENTITY = "iPhone Developer";
				COPY_PHASE_STRIP = NO;
				DEBUG_INFORMATION_FORMAT = "dwarf-with-dsym";
				ENABLE_NS_ASSERTIONS = NO;
				ENABLE_STRICT_OBJC_MSGSEND = YES;
				GCC_C_LANGUAGE_STANDARD = gnu11;
				GCC_NO_COMMON_BLOCKS = YES;
				GCC_WARN_64_TO_32_BIT_CONVERSION = YES;
				GCC_WARN_ABOUT_RETURN_TYPE = YES_ERROR;
				GCC_WARN_UNDECLARED_SELECTOR = YES;
				GCC_WARN_UNINITIALIZED_AUTOS = YES_AGGRESSIVE;
				GCC_WARN_UNUSED_FUNCTION = YES;
				GCC_WARN_UNUSED_VARIABLE = YES;
				IPHONEOS_DEPLOYMENT_TARGET = 12.1;
				MTL_ENABLE_DEBUG_INFO = NO;
				MTL_FAST_MATH = YES;
				SDKROOT = iphoneos;
				SWIFT_COMPILATION_MODE = wholemodule;
				SWIFT_OPTIMIZATION_LEVEL = "-O";
				VALIDATE_PRODUCT = YES;
			};
			name = Release;
		};
		C20497ED233D78F700EDB25E /* Debug */ = {
			isa = XCBuildConfiguration;
			buildSettings = {
				ASSETCATALOG_COMPILER_APPICON_NAME = AppIcon;
				CODE_SIGN_STYLE = Automatic;
				INFOPLIST_FILE = Tipper/Info.plist;
				LD_RUNPATH_SEARCH_PATHS = (
					"$(inherited)",
					"@executable_path/Frameworks",
				);
				PRODUCT_BUNDLE_IDENTIFIER = adeel.Tipper;
				PRODUCT_NAME = "$(TARGET_NAME)";
				SWIFT_VERSION = 4.2;
				TARGETED_DEVICE_FAMILY = "1,2";
			};
			name = Debug;
		};
		C20497EE233D78F700EDB25E /* Release */ = {
			isa = XCBuildConfiguration;
			buildSettings = {
				ASSETCATALOG_COMPILER_APPICON_NAME = AppIcon;
				CODE_SIGN_STYLE = Automatic;
				INFOPLIST_FILE = Tipper/Info.plist;
				LD_RUNPATH_SEARCH_PATHS = (
					"$(inherited)",
					"@executable_path/Frameworks",
				);
				PRODUCT_BUNDLE_IDENTIFIER = adeel.Tipper;
				PRODUCT_NAME = "$(TARGET_NAME)";
				SWIFT_VERSION = 4.2;
				TARGETED_DEVICE_FAMILY = "1,2";
			};
			name = Release;
		};
		C20497F0233D78F700EDB25E /* Debug */ = {
			isa = XCBuildConfiguration;
			buildSettings = {
				ALWAYS_EMBED_SWIFT_STANDARD_LIBRARIES = YES;
				BUNDLE_LOADER = "$(TEST_HOST)";
				CODE_SIGN_STYLE = Automatic;
				INFOPLIST_FILE = TipperTests/Info.plist;
				LD_RUNPATH_SEARCH_PATHS = (
					"$(inherited)",
					"@executable_path/Frameworks",
					"@loader_path/Frameworks",
				);
				PRODUCT_BUNDLE_IDENTIFIER = adeel.TipperTests;
				PRODUCT_NAME = "$(TARGET_NAME)";
				SWIFT_VERSION = 4.2;
				TARGETED_DEVICE_FAMILY = "1,2";
				TEST_HOST = "$(BUILT_PRODUCTS_DIR)/Tipper.app/Tipper";
			};
			name = Debug;
		};
		C20497F1233D78F700EDB25E /* Release */ = {
			isa = XCBuildConfiguration;
			buildSettings = {
				ALWAYS_EMBED_SWIFT_STANDARD_LIBRARIES = YES;
				BUNDLE_LOADER = "$(TEST_HOST)";
				CODE_SIGN_STYLE = Automatic;
				INFOPLIST_FILE = TipperTests/Info.plist;
				LD_RUNPATH_SEARCH_PATHS = (
					"$(inherited)",
					"@executable_path/Frameworks",
					"@loader_path/Frameworks",
				);
				PRODUCT_BUNDLE_IDENTIFIER = adeel.TipperTests;
				PRODUCT_NAME = "$(TARGET_NAME)";
				SWIFT_VERSION = 4.2;
				TARGETED_DEVICE_FAMILY = "1,2";
				TEST_HOST = "$(BUILT_PRODUCTS_DIR)/Tipper.app/Tipper";
			};
			name = Release;
		};
		C20497F3233D78F700EDB25E /* Debug */ = {
			isa = XCBuildConfiguration;
			buildSettings = {
				ALWAYS_EMBED_SWIFT_STANDARD_LIBRARIES = YES;
				CODE_SIGN_STYLE = Automatic;
				INFOPLIST_FILE = TipperUITests/Info.plist;
				LD_RUNPATH_SEARCH_PATHS = (
					"$(inherited)",
					"@executable_path/Frameworks",
					"@loader_path/Frameworks",
				);
				PRODUCT_BUNDLE_IDENTIFIER = adeel.TipperUITests;
				PRODUCT_NAME = "$(TARGET_NAME)";
				SWIFT_VERSION = 4.2;
				TARGETED_DEVICE_FAMILY = "1,2";
				TEST_TARGET_NAME = Tipper;
			};
			name = Debug;
		};
		C20497F4233D78F700EDB25E /* Release */ = {
			isa = XCBuildConfiguration;
			buildSettings = {
				ALWAYS_EMBED_SWIFT_STANDARD_LIBRARIES = YES;
				CODE_SIGN_STYLE = Automatic;
				INFOPLIST_FILE = TipperUITests/Info.plist;
				LD_RUNPATH_SEARCH_PATHS = (
					"$(inherited)",
					"@executable_path/Frameworks",
					"@loader_path/Frameworks",
				);
				PRODUCT_BUNDLE_IDENTIFIER = adeel.TipperUITests;
				PRODUCT_NAME = "$(TARGET_NAME)";
				SWIFT_VERSION = 4.2;
				TARGETED_DEVICE_FAMILY = "1,2";
				TEST_TARGET_NAME = Tipper;
			};
			name = Release;
		};
/* End XCBuildConfiguration section */

/* Begin XCConfigurationList section */
		C20497BF233D78F400EDB25E /* Build configuration list for PBXProject "Tipper" */ = {
			isa = XCConfigurationList;
			buildConfigurations = (
				C20497EA233D78F700EDB25E /* Debug */,
				C20497EB233D78F700EDB25E /* Release */,
			);
			defaultConfigurationIsVisible = 0;
			defaultConfigurationName = Release;
		};
		C20497EC233D78F700EDB25E /* Build configuration list for PBXNativeTarget "Tipper" */ = {
			isa = XCConfigurationList;
			buildConfigurations = (
				C20497ED233D78F700EDB25E /* Debug */,
				C20497EE233D78F700EDB25E /* Release */,
			);
			defaultConfigurationIsVisible = 0;
			defaultConfigurationName = Release;
		};
		C20497EF233D78F700EDB25E /* Build configuration list for PBXNativeTarget "TipperTests" */ = {
			isa = XCConfigurationList;
			buildConfigurations = (
				C20497F0233D78F700EDB25E /* Debug */,
				C20497F1233D78F700EDB25E /* Release */,
			);
			defaultConfigurationIsVisible = 0;
			defaultConfigurationName = Release;
		};
		C20497F2233D78F700EDB25E /* Build configuration list for PBXNativeTarget "TipperUITests" */ = {
			isa = XCConfigurationList;
			buildConfigurations = (
				C20497F3233D78F700EDB25E /* Debug */,
				C20497F4233D78F700EDB25E /* Release */,
			);
			defaultConfigurationIsVisible = 0;
			defaultConfigurationName = Release;
		};
/* End XCConfigurationList section */
	};
	rootObject = C20497BC233D78F400EDB25E /* Project object */;
}
